
Microsoft Visual Studio Solution File, Format Version 12.00
# Visual Studio Version 17
VisualStudioVersion = 17.10.35122.118
MinimumVisualStudioVersion = 10.0.40219.1
Project("{9A19103F-16F7-4668-BE54-9A1E7A4F7556}") = "AuthenticationAuthotization", "AuthenticationAuthotization.csproj", "{875AE041-4873-450B-864F-A777F442E53F}"
EndProject
Global
	GlobalSection(SolutionConfigurationPlatforms) = preSolution
		Debug|Any CPU = Debug|Any CPU
		Release|Any CPU = Release|Any CPU
	EndGlobalSection
	GlobalSection(ProjectConfigurationPlatforms) = postSolution
		{875AE041-4873-450B-864F-A777F442E53F}.Debug|Any CPU.ActiveCfg = Debug|Any CPU
		{875AE041-4873-450B-864F-A777F442E53F}.Debug|Any CPU.Build.0 = Debug|Any CPU
		{875AE041-4873-450B-864F-A777F442E53F}.Release|Any CPU.ActiveCfg = Release|Any CPU
		{875AE041-4873-450B-864F-A777F442E53F}.Release|Any CPU.Build.0 = Release|Any CPU
	EndGlobalSection
	GlobalSection(SolutionProperties) = preSolution
		HideSolutionNode = FALSE
	EndGlobalSection
	GlobalSection(ExtensibilityGlobals) = postSolution
		SolutionGuid = {F194C1B2-0B36-40AE-9A8F-17C8DEE907FB}
	EndGlobalSection
EndGlobal
